{
    "_readme": [
        "This file locks the dependencies of your project to a known state",
        "Read more about it at https://getcomposer.org/doc/01-basic-usage.md#composer-lock-the-lock-file",
        "This file is @generated automatically"
    ],
    "content-hash": "b7b50290e57b99231158ae43947f5cc2",
    "packages": [
        {
            "name": "gent/gent-styleguide",
            "version": "dev-develop",
            "source": {
                "type": "git",
                "url": "git@github.com:StadGent/fractal_styleguide_gent-base-archive.git",
                "reference": "1bc3e5320f421ef5bb9715df82eb13f00ef09ec4"
            },
            "type": "library",
            "time": "2017-03-16T12:07:20+00:00"
        }
    ],
    "packages-dev": [],
    "aliases": [],
    "minimum-stability": "dev",
    "stability-flags": {
        "gent/gent-styleguide": 20
    },
    "prefer-stable": true,
    "prefer-lowest": false,
    "platform": [],
    "platform-dev": []
}
